<?xml version="1.0" encoding="utf-8"?>
<Project ToolsVersion="4.0" xmlns="http://schemas.microsoft.com/developer/msbuild/2003">
  <ItemGroup>
    <Filter Include="源文件">
      <UniqueIdentifier>{4FC737F1-C7A5-4376-A066-2A32D752A2FF}</UniqueIdentifier>
      <Extensions>cpp;c;cc;cxx;def;odl;idl;hpj;bat;asm;asmx</Extensions>
    </Filter>
    <Filter Include="头文件">
      <UniqueIdentifier>{93995380-89BD-4b04-88EB-625FBE52EBFB}</UniqueIdentifier>
      <Extensions>h;hpp;hxx;hm;inl;inc;xsd</Extensions>
    </Filter>
    <Filter Include="资源文件">
      <UniqueIdentifier>{67DA6AB6-F800-4c08-8B7A-83BB121AAD01}</UniqueIdentifier>
      <Extensions>rc;ico;cur;bmp;dlg;rc2;rct;bin;rgs;gif;jpg;jpeg;jpe;resx;tiff;tif;png;wav;mfcribbon-ms</Extensions>
    </Filter>
    <Filter Include="common">
      <UniqueIdentifier>{399913a2-0065-4693-afc1-6c86a96bc78d}</UniqueIdentifier>
    </Filter>
  </ItemGroup>
  <ItemGroup>
    <None Include="ReadMe.txt" />
    <None Include="updateVectorByMatrixPro.cuh">
      <Filter>源文件</Filter>
    </None>
  </ItemGroup>
  <ItemGroup>
    <ClInclude Include="Joint.h">
      <Filter>头文件</Filter>
    </ClInclude>
    <ClInclude Include="Vertex.h">
      <Filter>头文件</Filter>
    </ClInclude>
    <ClInclude Include="updateVectorByMatrix.h">
      <Filter>头文件</Filter>
    </ClInclude>
    <ClInclude Include="..\common\cmd_arg_reader.h">
      <Filter>common</Filter>
    </ClInclude>
    <ClInclude Include="..\common\stopwatch_win.h">
      <Filter>common</Filter>
    </ClInclude>
    <ClInclude Include="..\common\shrUtils.h">
      <Filter>common</Filter>
    </ClInclude>
    <ClInclude Include="targetver.h" />
    <ClInclude Include="stdafx.h" />
  </ItemGroup>
  <ItemGroup>
    <ClCompile Include="..\common\cmd_arg_reader.cpp">
      <Filter>common</Filter>
    </ClCompile>
    <ClCompile Include="..\common\shrUtils.cpp">
      <Filter>common</Filter>
    </ClCompile>
    <ClCompile Include="..\common\stopwatch_win.cpp">
      <Filter>common</Filter>
    </ClCompile>
    <ClCompile Include="stdafx.cpp" />
  </ItemGroup>
  <ItemGroup>
    <CudaCompile Include="updateVectorByMatrixPro.cu">
      <Filter>源文件</Filter>
    </CudaCompile>
  </ItemGroup>
</Project>